
Microsoft Visual Studio Solution File, Format Version 12.00
# Visual Studio Version 16
VisualStudioVersion = 16.0.29519.87
MinimumVisualStudioVersion = 10.0.40219.1
Project("{FAE04EC0-301F-11D3-BF4B-00C04F79EFBC}") = "BookListRazor", "BookListRazor\BookListRazor.csproj", "{9F15DCC7-8990-474F-832A-D2FE5EE951C4}"
EndProject
Global
	GlobalSection(SolutionConfigurationPlatforms) = preSolution
		Debug|Any CPU = Debug|Any CPU
		Release|Any CPU = Release|Any CPU
	EndGlobalSection
	GlobalSection(ProjectConfigurationPlatforms) = postSolution
		{9F15DCC7-8990-474F-832A-D2FE5EE951C4}.Debug|Any CPU.ActiveCfg = Debug|Any CPU
		{9F15DCC7-8990-474F-832A-D2FE5EE951C4}.Debug|Any CPU.Build.0 = Debug|Any CPU
		{9F15DCC7-8990-474F-832A-D2FE5EE951C4}.Release|Any CPU.ActiveCfg = Release|Any CPU
		{9F15DCC7-8990-474F-832A-D2FE5EE951C4}.Release|Any CPU.Build.0 = Release|Any CPU
	EndGlobalSection
	GlobalSection(SolutionProperties) = preSolution
		HideSolutionNode = FALSE
	EndGlobalSection
	GlobalSection(ExtensibilityGlobals) = postSolution
		SolutionGuid = {54404B0D-857A-451C-B859-5170A583E23E}
	EndGlobalSection
EndGlobal
